
Microsoft Visual Studio Solution File, Format Version 12.00
# Visual Studio Version 17
VisualStudioVersion = 17.11.35327.3
MinimumVisualStudioVersion = 10.0.40219.1
Project("{2150E333-8FDC-42A3-9474-1A3956D46DE8}") = "src", "src", "{035C7CE7-64E2-4D53-A709-FC4C05748FAB}"
EndProject
Project("{2150E333-8FDC-42A3-9474-1A3956D46DE8}") = "libs", "libs", "{FD4833BF-0ED8-4463-9992-2ED3242BE5D6}"
EndProject
Project("{FAE04EC0-301F-11D3-BF4B-00C04F79EFBC}") = "GenericClassAndCollections", "src\GenericClassAndCollections\GenericClassAndCollections.csproj", "{9D01E00A-2727-4E78-BE20-83039788D76F}"
EndProject
Global
	GlobalSection(SolutionConfigurationPlatforms) = preSolution
		Debug|Any CPU = Debug|Any CPU
		Release|Any CPU = Release|Any CPU
	EndGlobalSection
	GlobalSection(ProjectConfigurationPlatforms) = postSolution
		{9D01E00A-2727-4E78-BE20-83039788D76F}.Debug|Any CPU.ActiveCfg = Debug|Any CPU
		{9D01E00A-2727-4E78-BE20-83039788D76F}.Debug|Any CPU.Build.0 = Debug|Any CPU
		{9D01E00A-2727-4E78-BE20-83039788D76F}.Release|Any CPU.ActiveCfg = Release|Any CPU
		{9D01E00A-2727-4E78-BE20-83039788D76F}.Release|Any CPU.Build.0 = Release|Any CPU
	EndGlobalSection
	GlobalSection(SolutionProperties) = preSolution
		HideSolutionNode = FALSE
	EndGlobalSection
	GlobalSection(NestedProjects) = preSolution
		{9D01E00A-2727-4E78-BE20-83039788D76F} = {035C7CE7-64E2-4D53-A709-FC4C05748FAB}
	EndGlobalSection
	GlobalSection(ExtensibilityGlobals) = postSolution
		SolutionGuid = {083E03FE-5118-49CE-B1A6-F96ACAE573C7}
	EndGlobalSection
EndGlobal
